// !$*UTF8*$!
{
	archiveVersion = 1;
	classes = {
	};
	objectVersion = 46;
	objects = {

/* Begin PBXBuildFile section */
		235F65B9E570A60EA8DEBD38 /* Pods_again.framework in Frameworks */ = {isa = PBXBuildFile; fileRef = A07BE75216CB3437F9507AB4 /* Pods_again.framework */; };
		50289C9AB56CD925522A07DB /* Pods_againUITests.framework in Frameworks */ = {isa = PBXBuildFile; fileRef = 6FD6EB133429538CD0770DA8 /* Pods_againUITests.framework */; };
		6CA3639A7A0CEA030D6AA3B2 /* Pods_againTests.framework in Frameworks */ = {isa = PBXBuildFile; fileRef = E08B587E0BD355292D52777D /* Pods_againTests.framework */; };
		B473F2951DC7E3C500205A2D /* AppDelegate.swift in Sources */ = {isa = PBXBuildFile; fileRef = B473F2941DC7E3C500205A2D /* AppDelegate.swift */; };
		B473F2971DC7E3C500205A2D /* LoginVC.swift in Sources */ = {isa = PBXBuildFile; fileRef = B473F2961DC7E3C500205A2D /* LoginVC.swift */; };
		B473F29A1DC7E3C500205A2D /* Main.storyboard in Resources */ = {isa = PBXBuildFile; fileRef = B473F2981DC7E3C500205A2D /* Main.storyboard */; };
		B473F29C1DC7E3C500205A2D /* Assets.xcassets in Resources */ = {isa = PBXBuildFile; fileRef = B473F29B1DC7E3C500205A2D /* Assets.xcassets */; };
		B473F29F1DC7E3C500205A2D /* LaunchScreen.storyboard in Resources */ = {isa = PBXBuildFile; fileRef = B473F29D1DC7E3C500205A2D /* LaunchScreen.storyboard */; };
		B473F2AA1DC7E3C500205A2D /* againTests.swift in Sources */ = {isa = PBXBuildFile; fileRef = B473F2A91DC7E3C500205A2D /* againTests.swift */; };
		B473F2B51DC7E3C600205A2D /* againUITests.swift in Sources */ = {isa = PBXBuildFile; fileRef = B473F2B41DC7E3C600205A2D /* againUITests.swift */; };
		B473F2C31DC7E55200205A2D /* InstructionVC.swift in Sources */ = {isa = PBXBuildFile; fileRef = B473F2C21DC7E55200205A2D /* InstructionVC.swift */; };
		B473F2C51DC7E79400205A2D /* GameVC.swift in Sources */ = {isa = PBXBuildFile; fileRef = B473F2C41DC7E79400205A2D /* GameVC.swift */; };
		F788F3C71DC9078200E4C258 /* CardsTableViewController.swift in Sources */ = {isa = PBXBuildFile; fileRef = F788F3C61DC9078200E4C258 /* CardsTableViewController.swift */; };
		F788F3C91DC90B7400E4C258 /* CardTableViewCell.swift in Sources */ = {isa = PBXBuildFile; fileRef = F788F3C81DC90B7400E4C258 /* CardTableViewCell.swift */; };
		F7BAC1C61DC9240700D52A80 /* Card.swift in Sources */ = {isa = PBXBuildFile; fileRef = F7BAC1C51DC9240700D52A80 /* Card.swift */; };
		F7BAC1CA1DC924C500D52A80 /* CardManager.swift in Sources */ = {isa = PBXBuildFile; fileRef = F7BAC1C91DC924C500D52A80 /* CardManager.swift */; };
/* End PBXBuildFile section */

/* Begin PBXContainerItemProxy section */
		B473F2A61DC7E3C500205A2D /* PBXContainerItemProxy */ = {
			isa = PBXContainerItemProxy;
			containerPortal = B473F2891DC7E3C500205A2D /* Project object */;
			proxyType = 1;
			remoteGlobalIDString = B473F2901DC7E3C500205A2D;
			remoteInfo = again;
		};
		B473F2B11DC7E3C500205A2D /* PBXContainerItemProxy */ = {
			isa = PBXContainerItemProxy;
			containerPortal = B473F2891DC7E3C500205A2D /* Project object */;
			proxyType = 1;
			remoteGlobalIDString = B473F2901DC7E3C500205A2D;
			remoteInfo = again;
		};
/* End PBXContainerItemProxy section */

/* Begin PBXFileReference section */
		1A3E7587832DB8EF2B3E3208 /* Pods-againTests.debug.xcconfig */ = {isa = PBXFileReference; includeInIndex = 1; lastKnownFileType = text.xcconfig; name = "Pods-againTests.debug.xcconfig"; path = "Pods/Target Support Files/Pods-againTests/Pods-againTests.debug.xcconfig"; sourceTree = "<group>"; };
		43A92B3B6518D7702FB8AAF0 /* Pods-again.release.xcconfig */ = {isa = PBXFileReference; includeInIndex = 1; lastKnownFileType = text.xcconfig; name = "Pods-again.release.xcconfig"; path = "Pods/Target Support Files/Pods-again/Pods-again.release.xcconfig"; sourceTree = "<group>"; };
		696FE5086550B298F4A422F0 /* Pods-again.debug.xcconfig */ = {isa = PBXFileReference; includeInIndex = 1; lastKnownFileType = text.xcconfig; name = "Pods-again.debug.xcconfig"; path = "Pods/Target Support Files/Pods-again/Pods-again.debug.xcconfig"; sourceTree = "<group>"; };
		6FD6EB133429538CD0770DA8 /* Pods_againUITests.framework */ = {isa = PBXFileReference; explicitFileType = wrapper.framework; includeInIndex = 0; path = Pods_againUITests.framework; sourceTree = BUILT_PRODUCTS_DIR; };
		91ED86012A0926FC61993DA4 /* Pods-againUITests.release.xcconfig */ = {isa = PBXFileReference; includeInIndex = 1; lastKnownFileType = text.xcconfig; name = "Pods-againUITests.release.xcconfig"; path = "Pods/Target Support Files/Pods-againUITests/Pods-againUITests.release.xcconfig"; sourceTree = "<group>"; };
		A07BE75216CB3437F9507AB4 /* Pods_again.framework */ = {isa = PBXFileReference; explicitFileType = wrapper.framework; includeInIndex = 0; path = Pods_again.framework; sourceTree = BUILT_PRODUCTS_DIR; };
		AFC01005941BB5BCA9C757E8 /* Pods-againUITests.debug.xcconfig */ = {isa = PBXFileReference; includeInIndex = 1; lastKnownFileType = text.xcconfig; name = "Pods-againUITests.debug.xcconfig"; path = "Pods/Target Support Files/Pods-againUITests/Pods-againUITests.debug.xcconfig"; sourceTree = "<group>"; };
		B473F2911DC7E3C500205A2D /* again.app */ = {isa = PBXFileReference; explicitFileType = wrapper.application; includeInIndex = 0; path = again.app; sourceTree = BUILT_PRODUCTS_DIR; };
		B473F2941DC7E3C500205A2D /* AppDelegate.swift */ = {isa = PBXFileReference; lastKnownFileType = sourcecode.swift; path = AppDelegate.swift; sourceTree = "<group>"; };
		B473F2961DC7E3C500205A2D /* LoginVC.swift */ = {isa = PBXFileReference; lastKnownFileType = sourcecode.swift; path = LoginVC.swift; sourceTree = "<group>"; };
		B473F2991DC7E3C500205A2D /* Base */ = {isa = PBXFileReference; lastKnownFileType = file.storyboard; name = Base; path = Base.lproj/Main.storyboard; sourceTree = "<group>"; };
		B473F29B1DC7E3C500205A2D /* Assets.xcassets */ = {isa = PBXFileReference; lastKnownFileType = folder.assetcatalog; path = Assets.xcassets; sourceTree = "<group>"; };
		B473F29E1DC7E3C500205A2D /* Base */ = {isa = PBXFileReference; lastKnownFileType = file.storyboard; name = Base; path = Base.lproj/LaunchScreen.storyboard; sourceTree = "<group>"; };
		B473F2A01DC7E3C500205A2D /* Info.plist */ = {isa = PBXFileReference; lastKnownFileType = text.plist.xml; path = Info.plist; sourceTree = "<group>"; };
		B473F2A51DC7E3C500205A2D /* againTests.xctest */ = {isa = PBXFileReference; explicitFileType = wrapper.cfbundle; includeInIndex = 0; path = againTests.xctest; sourceTree = BUILT_PRODUCTS_DIR; };
		B473F2A91DC7E3C500205A2D /* againTests.swift */ = {isa = PBXFileReference; lastKnownFileType = sourcecode.swift; path = againTests.swift; sourceTree = "<group>"; };
		B473F2AB1DC7E3C500205A2D /* Info.plist */ = {isa = PBXFileReference; lastKnownFileType = text.plist.xml; path = Info.plist; sourceTree = "<group>"; };
		B473F2B01DC7E3C500205A2D /* againUITests.xctest */ = {isa = PBXFileReference; explicitFileType = wrapper.cfbundle; includeInIndex = 0; path = againUITests.xctest; sourceTree = BUILT_PRODUCTS_DIR; };
		B473F2B41DC7E3C600205A2D /* againUITests.swift */ = {isa = PBXFileReference; lastKnownFileType = sourcecode.swift; path = againUITests.swift; sourceTree = "<group>"; };
		B473F2B61DC7E3C600205A2D /* Info.plist */ = {isa = PBXFileReference; lastKnownFileType = text.plist.xml; path = Info.plist; sourceTree = "<group>"; };
		B473F2C21DC7E55200205A2D /* InstructionVC.swift */ = {isa = PBXFileReference; fileEncoding = 4; lastKnownFileType = sourcecode.swift; path = InstructionVC.swift; sourceTree = "<group>"; };
		B473F2C41DC7E79400205A2D /* GameVC.swift */ = {isa = PBXFileReference; fileEncoding = 4; lastKnownFileType = sourcecode.swift; path = GameVC.swift; sourceTree = "<group>"; };
		CC29CB994696C1D9F10869E1 /* Pods-againTests.release.xcconfig */ = {isa = PBXFileReference; includeInIndex = 1; lastKnownFileType = text.xcconfig; name = "Pods-againTests.release.xcconfig"; path = "Pods/Target Support Files/Pods-againTests/Pods-againTests.release.xcconfig"; sourceTree = "<group>"; };
		E08B587E0BD355292D52777D /* Pods_againTests.framework */ = {isa = PBXFileReference; explicitFileType = wrapper.framework; includeInIndex = 0; path = Pods_againTests.framework; sourceTree = BUILT_PRODUCTS_DIR; };
		F788F3C61DC9078200E4C258 /* CardsTableViewController.swift */ = {isa = PBXFileReference; fileEncoding = 4; lastKnownFileType = sourcecode.swift; path = CardsTableViewController.swift; sourceTree = "<group>"; };
		F788F3C81DC90B7400E4C258 /* CardTableViewCell.swift */ = {isa = PBXFileReference; fileEncoding = 4; lastKnownFileType = sourcecode.swift; path = CardTableViewCell.swift; sourceTree = "<group>"; };
		F7BAC1C51DC9240700D52A80 /* Card.swift */ = {isa = PBXFileReference; fileEncoding = 4; lastKnownFileType = sourcecode.swift; path = Card.swift; sourceTree = "<group>"; };
		F7BAC1C91DC924C500D52A80 /* CardManager.swift */ = {isa = PBXFileReference; fileEncoding = 4; lastKnownFileType = sourcecode.swift; path = CardManager.swift; sourceTree = "<group>"; };
/* End PBXFileReference section */

/* Begin PBXFrameworksBuildPhase section */
		B473F28E1DC7E3C500205A2D /* Frameworks */ = {
			isa = PBXFrameworksBuildPhase;
			buildActionMask = 2147483647;
			files = (
				235F65B9E570A60EA8DEBD38 /* Pods_again.framework in Frameworks */,
			);
			runOnlyForDeploymentPostprocessing = 0;
		};
		B473F2A21DC7E3C500205A2D /* Frameworks */ = {
			isa = PBXFrameworksBuildPhase;
			buildActionMask = 2147483647;
			files = (
				6CA3639A7A0CEA030D6AA3B2 /* Pods_againTests.framework in Frameworks */,
			);
			runOnlyForDeploymentPostprocessing = 0;
		};
		B473F2AD1DC7E3C500205A2D /* Frameworks */ = {
			isa = PBXFrameworksBuildPhase;
			buildActionMask = 2147483647;
			files = (
				50289C9AB56CD925522A07DB /* Pods_againUITests.framework in Frameworks */,
			);
			runOnlyForDeploymentPostprocessing = 0;
		};
/* End PBXFrameworksBuildPhase section */

/* Begin PBXGroup section */
		2572C5A944202AA1C1E299ED /* Frameworks */ = {
			isa = PBXGroup;
			children = (
				A07BE75216CB3437F9507AB4 /* Pods_again.framework */,
				E08B587E0BD355292D52777D /* Pods_againTests.framework */,
				6FD6EB133429538CD0770DA8 /* Pods_againUITests.framework */,
			);
			name = Frameworks;
			sourceTree = "<group>";
		};
		4CB3DE44BE13C188049D3773 /* Pods */ = {
			isa = PBXGroup;
			children = (
				696FE5086550B298F4A422F0 /* Pods-again.debug.xcconfig */,
				43A92B3B6518D7702FB8AAF0 /* Pods-again.release.xcconfig */,
				1A3E7587832DB8EF2B3E3208 /* Pods-againTests.debug.xcconfig */,
				CC29CB994696C1D9F10869E1 /* Pods-againTests.release.xcconfig */,
				AFC01005941BB5BCA9C757E8 /* Pods-againUITests.debug.xcconfig */,
				91ED86012A0926FC61993DA4 /* Pods-againUITests.release.xcconfig */,
			);
			name = Pods;
			sourceTree = "<group>";
		};
		B473F2881DC7E3C500205A2D = {
			isa = PBXGroup;
			children = (
				B473F2931DC7E3C500205A2D /* again */,
				B473F2A81DC7E3C500205A2D /* againTests */,
				B473F2B31DC7E3C500205A2D /* againUITests */,
				B473F2921DC7E3C500205A2D /* Products */,
				4CB3DE44BE13C188049D3773 /* Pods */,
				2572C5A944202AA1C1E299ED /* Frameworks */,
			);
			sourceTree = "<group>";
		};
		B473F2921DC7E3C500205A2D /* Products */ = {
			isa = PBXGroup;
			children = (
				B473F2911DC7E3C500205A2D /* again.app */,
				B473F2A51DC7E3C500205A2D /* againTests.xctest */,
				B473F2B01DC7E3C500205A2D /* againUITests.xctest */,
			);
			name = Products;
			sourceTree = "<group>";
		};
		B473F2931DC7E3C500205A2D /* again */ = {
			isa = PBXGroup;
			children = (
				F7BAC1C81DC924B900D52A80 /* Controllers */,
				F7BAC1C41DC923E300D52A80 /* Models */,
				B473F2941DC7E3C500205A2D /* AppDelegate.swift */,
				F788F3C81DC90B7400E4C258 /* CardTableViewCell.swift */,
				F788F3C61DC9078200E4C258 /* CardsTableViewController.swift */,
				B473F2961DC7E3C500205A2D /* LoginVC.swift */,
				B473F2981DC7E3C500205A2D /* Main.storyboard */,
				B473F29B1DC7E3C500205A2D /* Assets.xcassets */,
				B473F29D1DC7E3C500205A2D /* LaunchScreen.storyboard */,
				B473F2A01DC7E3C500205A2D /* Info.plist */,
				B473F2C21DC7E55200205A2D /* InstructionVC.swift */,
				B473F2C41DC7E79400205A2D /* GameVC.swift */,
			);
			path = again;
			sourceTree = "<group>";
		};
		B473F2A81DC7E3C500205A2D /* againTests */ = {
			isa = PBXGroup;
			children = (
				B473F2A91DC7E3C500205A2D /* againTests.swift */,
				B473F2AB1DC7E3C500205A2D /* Info.plist */,
			);
			path = againTests;
			sourceTree = "<group>";
		};
		B473F2B31DC7E3C500205A2D /* againUITests */ = {
			isa = PBXGroup;
			children = (
				B473F2B41DC7E3C600205A2D /* againUITests.swift */,
				B473F2B61DC7E3C600205A2D /* Info.plist */,
			);
			path = againUITests;
			sourceTree = "<group>";
		};
		F7BAC1C41DC923E300D52A80 /* Models */ = {
			isa = PBXGroup;
			children = (
				F7BAC1C51DC9240700D52A80 /* Card.swift */,
			);
			name = Models;
			sourceTree = "<group>";
		};
		F7BAC1C81DC924B900D52A80 /* Controllers */ = {
			isa = PBXGroup;
			children = (
				F7BAC1C91DC924C500D52A80 /* CardManager.swift */,
			);
			name = Controllers;
			sourceTree = "<group>";
		};
/* End PBXGroup section */

/* Begin PBXNativeTarget section */
		B473F2901DC7E3C500205A2D /* again */ = {
			isa = PBXNativeTarget;
			buildConfigurationList = B473F2B91DC7E3C600205A2D /* Build configuration list for PBXNativeTarget "again" */;
			buildPhases = (
				64E8580D176C6A5C1E4C959A /* [CP] Check Pods Manifest.lock */,
				B473F28D1DC7E3C500205A2D /* Sources */,
				B473F28E1DC7E3C500205A2D /* Frameworks */,
				B473F28F1DC7E3C500205A2D /* Resources */,
				1285BBFDD9757269D6EA0B2E /* [CP] Embed Pods Frameworks */,
				81B5701AF0FC0F25A802EEAD /* [CP] Copy Pods Resources */,
			);
			buildRules = (
			);
			dependencies = (
			);
			name = again;
			productName = again;
			productReference = B473F2911DC7E3C500205A2D /* again.app */;
			productType = "com.apple.product-type.application";
		};
		B473F2A41DC7E3C500205A2D /* againTests */ = {
			isa = PBXNativeTarget;
			buildConfigurationList = B473F2BC1DC7E3C600205A2D /* Build configuration list for PBXNativeTarget "againTests" */;
			buildPhases = (
				C55FB1ED2BFC0909327EEFA1 /* [CP] Check Pods Manifest.lock */,
				B473F2A11DC7E3C500205A2D /* Sources */,
				B473F2A21DC7E3C500205A2D /* Frameworks */,
				B473F2A31DC7E3C500205A2D /* Resources */,
				74C8A6B659218E2CDD713566 /* [CP] Embed Pods Frameworks */,
				059DDD46EBD00F63EFC30A94 /* [CP] Copy Pods Resources */,
			);
			buildRules = (
			);
			dependencies = (
				B473F2A71DC7E3C500205A2D /* PBXTargetDependency */,
			);
			name = againTests;
			productName = againTests;
			productReference = B473F2A51DC7E3C500205A2D /* againTests.xctest */;
			productType = "com.apple.product-type.bundle.unit-test";
		};
		B473F2AF1DC7E3C500205A2D /* againUITests */ = {
			isa = PBXNativeTarget;
			buildConfigurationList = B473F2BF1DC7E3C600205A2D /* Build configuration list for PBXNativeTarget "againUITests" */;
			buildPhases = (
				38BFC4D8D7251E456F3F6D24 /* [CP] Check Pods Manifest.lock */,
				B473F2AC1DC7E3C500205A2D /* Sources */,
				B473F2AD1DC7E3C500205A2D /* Frameworks */,
				B473F2AE1DC7E3C500205A2D /* Resources */,
				D0C33AFC96172DB092B5F06A /* [CP] Embed Pods Frameworks */,
				7A89B6F45CDBDA705CF66ADA /* [CP] Copy Pods Resources */,
			);
			buildRules = (
			);
			dependencies = (
				B473F2B21DC7E3C500205A2D /* PBXTargetDependency */,
			);
			name = againUITests;
			productName = againUITests;
			productReference = B473F2B01DC7E3C500205A2D /* againUITests.xctest */;
			productType = "com.apple.product-type.bundle.ui-testing";
		};
/* End PBXNativeTarget section */

/* Begin PBXProject section */
		B473F2891DC7E3C500205A2D /* Project object */ = {
			isa = PBXProject;
			attributes = {
				LastSwiftUpdateCheck = 0810;
				LastUpgradeCheck = 0810;
				ORGANIZATIONNAME = ThunderWhatever;
				TargetAttributes = {
					B473F2901DC7E3C500205A2D = {
						CreatedOnToolsVersion = 8.1;
						ProvisioningStyle = Automatic;
					};
					B473F2A41DC7E3C500205A2D = {
						CreatedOnToolsVersion = 8.1;
						ProvisioningStyle = Automatic;
						TestTargetID = B473F2901DC7E3C500205A2D;
					};
					B473F2AF1DC7E3C500205A2D = {
						CreatedOnToolsVersion = 8.1;
						ProvisioningStyle = Automatic;
						TestTargetID = B473F2901DC7E3C500205A2D;
					};
				};
			};
			buildConfigurationList = B473F28C1DC7E3C500205A2D /* Build configuration list for PBXProject "again" */;
			compatibilityVersion = "Xcode 3.2";
			developmentRegion = English;
			hasScannedForEncodings = 0;
			knownRegions = (
				en,
				Base,
			);
			mainGroup = B473F2881DC7E3C500205A2D;
			productRefGroup = B473F2921DC7E3C500205A2D /* Products */;
			projectDirPath = "";
			projectRoot = "";
			targets = (
				B473F2901DC7E3C500205A2D /* again */,
				B473F2A41DC7E3C500205A2D /* againTests */,
				B473F2AF1DC7E3C500205A2D /* againUITests */,
			);
		};
/* End PBXProject section */

/* Begin PBXResourcesBuildPhase section */
		B473F28F1DC7E3C500205A2D /* Resources */ = {
			isa = PBXResourcesBuildPhase;
			buildActionMask = 2147483647;
			files = (
				B473F29F1DC7E3C500205A2D /* LaunchScreen.storyboard in Resources */,
				B473F29C1DC7E3C500205A2D /* Assets.xcassets in Resources */,
				B473F29A1DC7E3C500205A2D /* Main.storyboard in Resources */,
			);
			runOnlyForDeploymentPostprocessing = 0;
		};
		B473F2A31DC7E3C500205A2D /* Resources */ = {
			isa = PBXResourcesBuildPhase;
			buildActionMask = 2147483647;
			files = (
			);
			runOnlyForDeploymentPostprocessing = 0;
		};
		B473F2AE1DC7E3C500205A2D /* Resources */ = {
			isa = PBXResourcesBuildPhase;
			buildActionMask = 2147483647;
			files = (
			);
			runOnlyForDeploymentPostprocessing = 0;
		};
/* End PBXResourcesBuildPhase section */

/* Begin PBXShellScriptBuildPhase section */
		059DDD46EBD00F63EFC30A94 /* [CP] Copy Pods Resources */ = {
			isa = PBXShellScriptBuildPhase;
			buildActionMask = 2147483647;
			files = (
			);
			inputPaths = (
			);
			name = "[CP] Copy Pods Resources";
			outputPaths = (
			);
			runOnlyForDeploymentPostprocessing = 0;
			shellPath = /bin/sh;
			shellScript = "\"${SRCROOT}/Pods/Target Support Files/Pods-againTests/Pods-againTests-resources.sh\"\n";
			showEnvVarsInLog = 0;
		};
		1285BBFDD9757269D6EA0B2E /* [CP] Embed Pods Frameworks */ = {
			isa = PBXShellScriptBuildPhase;
			buildActionMask = 2147483647;
			files = (
			);
			inputPaths = (
			);
			name = "[CP] Embed Pods Frameworks";
			outputPaths = (
			);
			runOnlyForDeploymentPostprocessing = 0;
			shellPath = /bin/sh;
			shellScript = "\"${SRCROOT}/Pods/Target Support Files/Pods-again/Pods-again-frameworks.sh\"\n";
			showEnvVarsInLog = 0;
		};
		38BFC4D8D7251E456F3F6D24 /* [CP] Check Pods Manifest.lock */ = {
			isa = PBXShellScriptBuildPhase;
			buildActionMask = 2147483647;
			files = (
			);
			inputPaths = (
			);
			name = "[CP] Check Pods Manifest.lock";
			outputPaths = (
			);
			runOnlyForDeploymentPostprocessing = 0;
			shellPath = /bin/sh;
			shellScript = "diff \"${PODS_ROOT}/../Podfile.lock\" \"${PODS_ROOT}/Manifest.lock\" > /dev/null\nif [ $? != 0 ] ; then\n    # print error to STDERR\n    echo \"error: The sandbox is not in sync with the Podfile.lock. Run 'pod install' or update your CocoaPods installation.\" >&2\n    exit 1\nfi\n";
			showEnvVarsInLog = 0;
		};
		64E8580D176C6A5C1E4C959A /* [CP] Check Pods Manifest.lock */ = {
			isa = PBXShellScriptBuildPhase;
			buildActionMask = 2147483647;
			files = (
			);
			inputPaths = (
			);
			name = "[CP] Check Pods Manifest.lock";
			outputPaths = (
			);
			runOnlyForDeploymentPostprocessing = 0;
			shellPath = /bin/sh;
			shellScript = "diff \"${PODS_ROOT}/../Podfile.lock\" \"${PODS_ROOT}/Manifest.lock\" > /dev/null\nif [ $? != 0 ] ; then\n    # print error to STDERR\n    echo \"error: The sandbox is not in sync with the Podfile.lock. Run 'pod install' or update your CocoaPods installation.\" >&2\n    exit 1\nfi\n";
			showEnvVarsInLog = 0;
		};
		74C8A6B659218E2CDD713566 /* [CP] Embed Pods Frameworks */ = {
			isa = PBXShellScriptBuildPhase;
			buildActionMask = 2147483647;
			files = (
			);
			inputPaths = (
			);
			name = "[CP] Embed Pods Frameworks";
			outputPaths = (
			);
			runOnlyForDeploymentPostprocessing = 0;
			shellPath = /bin/sh;
			shellScript = "\"${SRCROOT}/Pods/Target Support Files/Pods-againTests/Pods-againTests-frameworks.sh\"\n";
			showEnvVarsInLog = 0;
		};
		7A89B6F45CDBDA705CF66ADA /* [CP] Copy Pods Resources */ = {
			isa = PBXShellScriptBuildPhase;
			buildActionMask = 2147483647;
			files = (
			);
			inputPaths = (
			);
			name = "[CP] Copy Pods Resources";
			outputPaths = (
			);
			runOnlyForDeploymentPostprocessing = 0;
			shellPath = /bin/sh;
			shellScript = "\"${SRCROOT}/Pods/Target Support Files/Pods-againUITests/Pods-againUITests-resources.sh\"\n";
			showEnvVarsInLog = 0;
		};
		81B5701AF0FC0F25A802EEAD /* [CP] Copy Pods Resources */ = {
			isa = PBXShellScriptBuildPhase;
			buildActionMask = 2147483647;
			files = (
			);
			inputPaths = (
			);
			name = "[CP] Copy Pods Resources";
			outputPaths = (
			);
			runOnlyForDeploymentPostprocessing = 0;
			shellPath = /bin/sh;
			shellScript = "\"${SRCROOT}/Pods/Target Support Files/Pods-again/Pods-again-resources.sh\"\n";
			showEnvVarsInLog = 0;
		};
		C55FB1ED2BFC0909327EEFA1 /* [CP] Check Pods Manifest.lock */ = {
			isa = PBXShellScriptBuildPhase;
			buildActionMask = 2147483647;
			files = (
			);
			inputPaths = (
			);
			name = "[CP] Check Pods Manifest.lock";
			outputPaths = (
			);
			runOnlyForDeploymentPostprocessing = 0;
			shellPath = /bin/sh;
			shellScript = "diff \"${PODS_ROOT}/../Podfile.lock\" \"${PODS_ROOT}/Manifest.lock\" > /dev/null\nif [ $? != 0 ] ; then\n    # print error to STDERR\n    echo \"error: The sandbox is not in sync with the Podfile.lock. Run 'pod install' or update your CocoaPods installation.\" >&2\n    exit 1\nfi\n";
			showEnvVarsInLog = 0;
		};
		D0C33AFC96172DB092B5F06A /* [CP] Embed Pods Frameworks */ = {
			isa = PBXShellScriptBuildPhase;
			buildActionMask = 2147483647;
			files = (
			);
			inputPaths = (
			);
			name = "[CP] Embed Pods Frameworks";
			outputPaths = (
			);
			runOnlyForDeploymentPostprocessing = 0;
			shellPath = /bin/sh;
			shellScript = "\"${SRCROOT}/Pods/Target Support Files/Pods-againUITests/Pods-againUITests-frameworks.sh\"\n";
			showEnvVarsInLog = 0;
		};
/* End PBXShellScriptBuildPhase section */

/* Begin PBXSourcesBuildPhase section */
		B473F28D1DC7E3C500205A2D /* Sources */ = {
			isa = PBXSourcesBuildPhase;
			buildActionMask = 2147483647;
			files = (
				B473F2C31DC7E55200205A2D /* InstructionVC.swift in Sources */,
				F7BAC1CA1DC924C500D52A80 /* CardManager.swift in Sources */,
				F788F3C71DC9078200E4C258 /* CardsTableViewController.swift in Sources */,
				F7BAC1C61DC9240700D52A80 /* Card.swift in Sources */,
				B473F2971DC7E3C500205A2D /* LoginVC.swift in Sources */,
				B473F2C51DC7E79400205A2D /* GameVC.swift in Sources */,
				B473F2951DC7E3C500205A2D /* AppDelegate.swift in Sources */,
				F788F3C91DC90B7400E4C258 /* CardTableViewCell.swift in Sources */,
			);
			runOnlyForDeploymentPostprocessing = 0;
		};
		B473F2A11DC7E3C500205A2D /* Sources */ = {
			isa = PBXSourcesBuildPhase;
			buildActionMask = 2147483647;
			files = (
				B473F2AA1DC7E3C500205A2D /* againTests.swift in Sources */,
			);
			runOnlyForDeploymentPostprocessing = 0;
		};
		B473F2AC1DC7E3C500205A2D /* Sources */ = {
			isa = PBXSourcesBuildPhase;
			buildActionMask = 2147483647;
			files = (
				B473F2B51DC7E3C600205A2D /* againUITests.swift in Sources */,
			);
			runOnlyForDeploymentPostprocessing = 0;
		};
/* End PBXSourcesBuildPhase section */

/* Begin PBXTargetDependency section */
		B473F2A71DC7E3C500205A2D /* PBXTargetDependency */ = {
			isa = PBXTargetDependency;
			target = B473F2901DC7E3C500205A2D /* again */;
			targetProxy = B473F2A61DC7E3C500205A2D /* PBXContainerItemProxy */;
		};
		B473F2B21DC7E3C500205A2D /* PBXTargetDependency */ = {
			isa = PBXTargetDependency;
			target = B473F2901DC7E3C500205A2D /* again */;
			targetProxy = B473F2B11DC7E3C500205A2D /* PBXContainerItemProxy */;
		};
/* End PBXTargetDependency section */

/* Begin PBXVariantGroup section */
		B473F2981DC7E3C500205A2D /* Main.storyboard */ = {
			isa = PBXVariantGroup;
			children = (
				B473F2991DC7E3C500205A2D /* Base */,
			);
			name = Main.storyboard;
			sourceTree = "<group>";
		};
		B473F29D1DC7E3C500205A2D /* LaunchScreen.storyboard */ = {
			isa = PBXVariantGroup;
			children = (
				B473F29E1DC7E3C500205A2D /* Base */,
			);
			name = LaunchScreen.storyboard;
			sourceTree = "<group>";
		};
/* End PBXVariantGroup section */

/* Begin XCBuildConfiguration section */
		B473F2B71DC7E3C600205A2D /* Debug */ = {
			isa = XCBuildConfiguration;
			buildSettings = {
				ALWAYS_SEARCH_USER_PATHS = NO;
				CLANG_ANALYZER_NONNULL = YES;
				CLANG_CXX_LANGUAGE_STANDARD = "gnu++0x";
				CLANG_CXX_LIBRARY = "libc++";
				CLANG_ENABLE_MODULES = YES;
				CLANG_ENABLE_OBJC_ARC = YES;
				CLANG_WARN_BOOL_CONVERSION = YES;
				CLANG_WARN_CONSTANT_CONVERSION = YES;
				CLANG_WARN_DIRECT_OBJC_ISA_USAGE = YES_ERROR;
				CLANG_WARN_DOCUMENTATION_COMMENTS = YES;
				CLANG_WARN_EMPTY_BODY = YES;
				CLANG_WARN_ENUM_CONVERSION = YES;
				CLANG_WARN_INFINITE_RECURSION = YES;
				CLANG_WARN_INT_CONVERSION = YES;
				CLANG_WARN_OBJC_ROOT_CLASS = YES_ERROR;
				CLANG_WARN_SUSPICIOUS_MOVES = YES;
				CLANG_WARN_UNREACHABLE_CODE = YES;
				CLANG_WARN__DUPLICATE_METHOD_MATCH = YES;
				"CODE_SIGN_IDENTITY[sdk=iphoneos*]" = "iPhone Developer";
				COPY_PHASE_STRIP = NO;
				DEBUG_INFORMATION_FORMAT = dwarf;
				ENABLE_STRICT_OBJC_MSGSEND = YES;
				ENABLE_TESTABILITY = YES;
				GCC_C_LANGUAGE_STANDARD = gnu99;
				GCC_DYNAMIC_NO_PIC = NO;
				GCC_NO_COMMON_BLOCKS = YES;
				GCC_OPTIMIZATION_LEVEL = 0;
				GCC_PREPROCESSOR_DEFINITIONS = (
					"DEBUG=1",
					"$(inherited)",
				);
				GCC_WARN_64_TO_32_BIT_CONVERSION = YES;
				GCC_WARN_ABOUT_RETURN_TYPE = YES_ERROR;
				GCC_WARN_UNDECLARED_SELECTOR = YES;
				GCC_WARN_UNINITIALIZED_AUTOS = YES_AGGRESSIVE;
				GCC_WARN_UNUSED_FUNCTION = YES;
				GCC_WARN_UNUSED_VARIABLE = YES;
				IPHONEOS_DEPLOYMENT_TARGET = 10.1;
				MTL_ENABLE_DEBUG_INFO = YES;
				ONLY_ACTIVE_ARCH = YES;
				SDKROOT = iphoneos;
				SWIFT_ACTIVE_COMPILATION_CONDITIONS = DEBUG;
				SWIFT_OPTIMIZATION_LEVEL = "-Onone";
				TARGETED_DEVICE_FAMILY = "1,2";
			};
			name = Debug;
		};
		B473F2B81DC7E3C600205A2D /* Release */ = {
			isa = XCBuildConfiguration;
			buildSettings = {
				ALWAYS_SEARCH_USER_PATHS = NO;
				CLANG_ANALYZER_NONNULL = YES;
				CLANG_CXX_LANGUAGE_STANDARD = "gnu++0x";
				CLANG_CXX_LIBRARY = "libc++";
				CLANG_ENABLE_MODULES = YES;
				CLANG_ENABLE_OBJC_ARC = YES;
				CLANG_WARN_BOOL_CONVERSION = YES;
				CLANG_WARN_CONSTANT_CONVERSION = YES;
				CLANG_WARN_DIRECT_OBJC_ISA_USAGE = YES_ERROR;
				CLANG_WARN_DOCUMENTATION_COMMENTS = YES;
				CLANG_WARN_EMPTY_BODY = YES;
				CLANG_WARN_ENUM_CONVERSION = YES;
				CLANG_WARN_INFINITE_RECURSION = YES;
				CLANG_WARN_INT_CONVERSION = YES;
				CLANG_WARN_OBJC_ROOT_CLASS = YES_ERROR;
				CLANG_WARN_SUSPICIOUS_MOVES = YES;
				CLANG_WARN_UNREACHABLE_CODE = YES;
				CLANG_WARN__DUPLICATE_METHOD_MATCH = YES;
				"CODE_SIGN_IDENTITY[sdk=iphoneos*]" = "iPhone Developer";
				COPY_PHASE_STRIP = NO;
				DEBUG_INFORMATION_FORMAT = "dwarf-with-dsym";
				ENABLE_NS_ASSERTIONS = NO;
				ENABLE_STRICT_OBJC_MSGSEND = YES;
				GCC_C_LANGUAGE_STANDARD = gnu99;
				GCC_NO_COMMON_BLOCKS = YES;
				GCC_WARN_64_TO_32_BIT_CONVERSION = YES;
				GCC_WARN_ABOUT_RETURN_TYPE = YES_ERROR;
				GCC_WARN_UNDECLARED_SELECTOR = YES;
				GCC_WARN_UNINITIALIZED_AUTOS = YES_AGGRESSIVE;
				GCC_WARN_UNUSED_FUNCTION = YES;
				GCC_WARN_UNUSED_VARIABLE = YES;
				IPHONEOS_DEPLOYMENT_TARGET = 10.1;
				MTL_ENABLE_DEBUG_INFO = NO;
				SDKROOT = iphoneos;
				SWIFT_OPTIMIZATION_LEVEL = "-Owholemodule";
				TARGETED_DEVICE_FAMILY = "1,2";
				VALIDATE_PRODUCT = YES;
			};
			name = Release;
		};
		B473F2BA1DC7E3C600205A2D /* Debug */ = {
			isa = XCBuildConfiguration;
			baseConfigurationReference = 696FE5086550B298F4A422F0 /* Pods-again.debug.xcconfig */;
			buildSettings = {
				ASSETCATALOG_COMPILER_APPICON_NAME = AppIcon;
				INFOPLIST_FILE = again/Info.plist;
				IPHONEOS_DEPLOYMENT_TARGET = 10.0;
				LD_RUNPATH_SEARCH_PATHS = "$(inherited) @executable_path/Frameworks";
				PRODUCT_BUNDLE_IDENTIFIER = com.ThunderWhatever.again;
				PRODUCT_NAME = "$(TARGET_NAME)";
				SWIFT_VERSION = 3.0;
			};
			name = Debug;
		};
		B473F2BB1DC7E3C600205A2D /* Release */ = {
			isa = XCBuildConfiguration;
			baseConfigurationReference = 43A92B3B6518D7702FB8AAF0 /* Pods-again.release.xcconfig */;
			buildSettings = {
				ASSETCATALOG_COMPILER_APPICON_NAME = AppIcon;
				INFOPLIST_FILE = again/Info.plist;
				IPHONEOS_DEPLOYMENT_TARGET = 10.0;
				LD_RUNPATH_SEARCH_PATHS = "$(inherited) @executable_path/Frameworks";
				PRODUCT_BUNDLE_IDENTIFIER = com.ThunderWhatever.again;
				PRODUCT_NAME = "$(TARGET_NAME)";
				SWIFT_VERSION = 3.0;
			};
			name = Release;
		};
		B473F2BD1DC7E3C600205A2D /* Debug */ = {
			isa = XCBuildConfiguration;
			baseConfigurationReference = 1A3E7587832DB8EF2B3E3208 /* Pods-againTests.debug.xcconfig */;
			buildSettings = {
				ALWAYS_EMBED_SWIFT_STANDARD_LIBRARIES = YES;
				BUNDLE_LOADER = "$(TEST_HOST)";
				INFOPLIST_FILE = againTests/Info.plist;
				IPHONEOS_DEPLOYMENT_TARGET = 10.0;
				LD_RUNPATH_SEARCH_PATHS = "$(inherited) @executable_path/Frameworks @loader_path/Frameworks";
				PRODUCT_BUNDLE_IDENTIFIER = com.ThunderWhatever.againTests;
				PRODUCT_NAME = "$(TARGET_NAME)";
				SWIFT_VERSION = 3.0;
				TEST_HOST = "$(BUILT_PRODUCTS_DIR)/again.app/again";
			};
			name = Debug;
		};
		B473F2BE1DC7E3C600205A2D /* Release */ = {
			isa = XCBuildConfiguration;
			baseConfigurationReference = CC29CB994696C1D9F10869E1 /* Pods-againTests.release.xcconfig */;
			buildSettings = {
				ALWAYS_EMBED_SWIFT_STANDARD_LIBRARIES = YES;
				BUNDLE_LOADER = "$(TEST_HOST)";
				INFOPLIST_FILE = againTests/Info.plist;
				IPHONEOS_DEPLOYMENT_TARGET = 10.0;
				LD_RUNPATH_SEARCH_PATHS = "$(inherited) @executable_path/Frameworks @loader_path/Frameworks";
				PRODUCT_BUNDLE_IDENTIFIER = com.ThunderWhatever.againTests;
				PRODUCT_NAME = "$(TARGET_NAME)";
				SWIFT_VERSION = 3.0;
				TEST_HOST = "$(BUILT_PRODUCTS_DIR)/again.app/again";
			};
			name = Release;
		};
		B473F2C01DC7E3C600205A2D /* Debug */ = {
			isa = XCBuildConfiguration;
			baseConfigurationReference = AFC01005941BB5BCA9C757E8 /* Pods-againUITests.debug.xcconfig */;
			buildSettings = {
				ALWAYS_EMBED_SWIFT_STANDARD_LIBRARIES = YES;
				INFOPLIST_FILE = againUITests/Info.plist;
				IPHONEOS_DEPLOYMENT_TARGET = 10.0;
				LD_RUNPATH_SEARCH_PATHS = "$(inherited) @executable_path/Frameworks @loader_path/Frameworks";
				PRODUCT_BUNDLE_IDENTIFIER = com.ThunderWhatever.againUITests;
				PRODUCT_NAME = "$(TARGET_NAME)";
				SWIFT_VERSION = 3.0;
				TEST_TARGET_NAME = again;
			};
			name = Debug;
		};
		B473F2C11DC7E3C600205A2D /* Release */ = {
			isa = XCBuildConfiguration;
			baseConfigurationReference = 91ED86012A0926FC61993DA4 /* Pods-againUITests.release.xcconfig */;
			buildSettings = {
				ALWAYS_EMBED_SWIFT_STANDARD_LIBRARIES = YES;
				INFOPLIST_FILE = againUITests/Info.plist;
				IPHONEOS_DEPLOYMENT_TARGET = 10.0;
				LD_RUNPATH_SEARCH_PATHS = "$(inherited) @executable_path/Frameworks @loader_path/Frameworks";
				PRODUCT_BUNDLE_IDENTIFIER = com.ThunderWhatever.againUITests;
				PRODUCT_NAME = "$(TARGET_NAME)";
				SWIFT_VERSION = 3.0;
				TEST_TARGET_NAME = again;
			};
			name = Release;
		};
/* End XCBuildConfiguration section */

/* Begin XCConfigurationList section */
		B473F28C1DC7E3C500205A2D /* Build configuration list for PBXProject "again" */ = {
			isa = XCConfigurationList;
			buildConfigurations = (
				B473F2B71DC7E3C600205A2D /* Debug */,
				B473F2B81DC7E3C600205A2D /* Release */,
			);
			defaultConfigurationIsVisible = 0;
			defaultConfigurationName = Release;
		};
		B473F2B91DC7E3C600205A2D /* Build configuration list for PBXNativeTarget "again" */ = {
			isa = XCConfigurationList;
			buildConfigurations = (
				B473F2BA1DC7E3C600205A2D /* Debug */,
				B473F2BB1DC7E3C600205A2D /* Release */,
			);
			defaultConfigurationIsVisible = 0;
			defaultConfigurationName = Release;
		};
		B473F2BC1DC7E3C600205A2D /* Build configuration list for PBXNativeTarget "againTests" */ = {
			isa = XCConfigurationList;
			buildConfigurations = (
				B473F2BD1DC7E3C600205A2D /* Debug */,
				B473F2BE1DC7E3C600205A2D /* Release */,
			);
			defaultConfigurationIsVisible = 0;
			defaultConfigurationName = Release;
		};
		B473F2BF1DC7E3C600205A2D /* Build configuration list for PBXNativeTarget "againUITests" */ = {
			isa = XCConfigurationList;
			buildConfigurations = (
				B473F2C01DC7E3C600205A2D /* Debug */,
				B473F2C11DC7E3C600205A2D /* Release */,
			);
			defaultConfigurationIsVisible = 0;
			defaultConfigurationName = Release;
		};
/* End XCConfigurationList section */
	};
	rootObject = B473F2891DC7E3C500205A2D /* Project object */;
}
